{
  "nodes": {
    "flake-utils": {
      "locked": {
        "lastModified": 1678901627,
        "narHash": "sha256-U02riOqrKKzwjsxc/400XnElV+UtPUQWpANPlyazjH0=",
        "owner": "numtide",
        "repo": "flake-utils",
        "rev": "93a2b84fc4b70d9e089d029deacc3583435c2ed6",
        "type": "github"
      },
      "original": {
        "owner": "numtide",
        "repo": "flake-utils",
        "type": "github"
      }
    },
    "nixpkgs": {
      "locked": {
        "lastModified": 1681293974,
        "narHash": "sha256-nc1vgBhiEhh3P6z+KOB65sciRFJ5kMsSLeju/b10gxs=",
        "owner": "lukego",
        "repo": "nixpkgs",
        "rev": "9063e1b268ed88986e3de883ad17aa0a2401d4db",
        "type": "github"
      },
      "original": {
        "owner": "lukego",
        "ref": "cl-duckdb",
        "repo": "nixpkgs",
        "type": "github"
      }
    },
    "root": {
      "inputs": {
        "flake-utils": "flake-utils",
        "nixpkgs": "nixpkgs"
      }
    }
  },
  "root": "root",
  "version": 7
}
